
Microsoft Visual Studio Solution File, Format Version 12.00
# Visual Studio 2012
Project("{FAE04EC0-301F-11D3-BF4B-00C04F79EFBC}") = "Chooza", "Chooza\Chooza.csproj", "{CC81330A-C550-4207-B5AE-D122BA250540}"
EndProject
Project("{2150E333-8FDC-42A3-9474-1A3956D46DE8}") = "BusinessLogic", "BusinessLogic", "{78023EC4-FCF5-4D95-9329-4FD20CF14E81}"
EndProject
Project("{FAE04EC0-301F-11D3-BF4B-00C04F79EFBC}") = "BusinessLogic", "BusinessLogic\BusinessLogic.csproj", "{B44A1A18-3019-4895-AB24-E6B34F250797}"
EndProject
Project("{2150E333-8FDC-42A3-9474-1A3956D46DE8}") = "EntityProvider", "EntityProvider", "{B1C4E87B-67BB-4A85-A2A3-C8AD13EB7F0D}"
EndProject
Project("{FAE04EC0-301F-11D3-BF4B-00C04F79EFBC}") = "EntityProvider", "EntityProvider\EntityProvider.csproj", "{A4C06FD4-5D6F-42B1-AAC6-99F78B096CC7}"
EndProject
Project("{2150E333-8FDC-42A3-9474-1A3956D46DE8}") = "MembershipProvider", "MembershipProvider", "{45F1AEE1-7C1A-448C-BB43-EFEA245D68CD}"
EndProject
Project("{FAE04EC0-301F-11D3-BF4B-00C04F79EFBC}") = "MembershipProvider", "MembershipProvider\MembershipProvider.csproj", "{7611419D-9E38-492E-AE96-6BE55B6212B6}"
EndProject
Project("{2150E333-8FDC-42A3-9474-1A3956D46DE8}") = "CustomTests", "CustomTests", "{84234AFF-C323-4333-B69D-E80AF1EF9BBB}"
EndProject
Project("{FAE04EC0-301F-11D3-BF4B-00C04F79EFBC}") = "CustomTests", "CustomTests\CustomTests.csproj", "{15D9E006-4171-46DE-B686-4C8C2FFC48BE}"
EndProject
Project("{FAE04EC0-301F-11D3-BF4B-00C04F79EFBC}") = "UnitTest", "UnitTest\UnitTest.csproj", "{FA51D962-0495-44C7-87F7-4B51921CD41D}"
EndProject
Project("{2150E333-8FDC-42A3-9474-1A3956D46DE8}") = "HelpingProject", "HelpingProject", "{C3E7EEB9-B30C-467D-A9B7-E6AF3F050B83}"
EndProject
Project("{FAE04EC0-301F-11D3-BF4B-00C04F79EFBC}") = "Models", "Models\Models.csproj", "{E56C1818-A9ED-44B9-8434-2B9E73A92335}"
EndProject
Project("{FAE04EC0-301F-11D3-BF4B-00C04F79EFBC}") = "Catalog.cs", "Catalog.cs\Catalog.cs.csproj", "{2DC0144D-EA61-4D95-8F78-676E0E767B91}"
EndProject
Project("{FAE04EC0-301F-11D3-BF4B-00C04F79EFBC}") = "Helpers", "Helpers\Helpers.csproj", "{85A0E036-0E43-4C65-8599-D5AC43857B02}"
EndProject
Global
	GlobalSection(SolutionConfigurationPlatforms) = preSolution
		Debug|Any CPU = Debug|Any CPU
		Release|Any CPU = Release|Any CPU
	EndGlobalSection
	GlobalSection(ProjectConfigurationPlatforms) = postSolution
		{CC81330A-C550-4207-B5AE-D122BA250540}.Debug|Any CPU.ActiveCfg = Debug|Any CPU
		{CC81330A-C550-4207-B5AE-D122BA250540}.Debug|Any CPU.Build.0 = Debug|Any CPU
		{CC81330A-C550-4207-B5AE-D122BA250540}.Release|Any CPU.ActiveCfg = Release|Any CPU
		{CC81330A-C550-4207-B5AE-D122BA250540}.Release|Any CPU.Build.0 = Release|Any CPU
		{B44A1A18-3019-4895-AB24-E6B34F250797}.Debug|Any CPU.ActiveCfg = Debug|Any CPU
		{B44A1A18-3019-4895-AB24-E6B34F250797}.Debug|Any CPU.Build.0 = Debug|Any CPU
		{B44A1A18-3019-4895-AB24-E6B34F250797}.Release|Any CPU.ActiveCfg = Release|Any CPU
		{B44A1A18-3019-4895-AB24-E6B34F250797}.Release|Any CPU.Build.0 = Release|Any CPU
		{A4C06FD4-5D6F-42B1-AAC6-99F78B096CC7}.Debug|Any CPU.ActiveCfg = Debug|Any CPU
		{A4C06FD4-5D6F-42B1-AAC6-99F78B096CC7}.Debug|Any CPU.Build.0 = Debug|Any CPU
		{A4C06FD4-5D6F-42B1-AAC6-99F78B096CC7}.Release|Any CPU.ActiveCfg = Release|Any CPU
		{A4C06FD4-5D6F-42B1-AAC6-99F78B096CC7}.Release|Any CPU.Build.0 = Release|Any CPU
		{7611419D-9E38-492E-AE96-6BE55B6212B6}.Debug|Any CPU.ActiveCfg = Debug|Any CPU
		{7611419D-9E38-492E-AE96-6BE55B6212B6}.Debug|Any CPU.Build.0 = Debug|Any CPU
		{7611419D-9E38-492E-AE96-6BE55B6212B6}.Release|Any CPU.ActiveCfg = Release|Any CPU
		{7611419D-9E38-492E-AE96-6BE55B6212B6}.Release|Any CPU.Build.0 = Release|Any CPU
		{15D9E006-4171-46DE-B686-4C8C2FFC48BE}.Debug|Any CPU.ActiveCfg = Debug|Any CPU
		{15D9E006-4171-46DE-B686-4C8C2FFC48BE}.Debug|Any CPU.Build.0 = Debug|Any CPU
		{15D9E006-4171-46DE-B686-4C8C2FFC48BE}.Release|Any CPU.ActiveCfg = Release|Any CPU
		{15D9E006-4171-46DE-B686-4C8C2FFC48BE}.Release|Any CPU.Build.0 = Release|Any CPU
		{FA51D962-0495-44C7-87F7-4B51921CD41D}.Debug|Any CPU.ActiveCfg = Debug|Any CPU
		{FA51D962-0495-44C7-87F7-4B51921CD41D}.Debug|Any CPU.Build.0 = Debug|Any CPU
		{FA51D962-0495-44C7-87F7-4B51921CD41D}.Release|Any CPU.ActiveCfg = Release|Any CPU
		{FA51D962-0495-44C7-87F7-4B51921CD41D}.Release|Any CPU.Build.0 = Release|Any CPU
		{E56C1818-A9ED-44B9-8434-2B9E73A92335}.Debug|Any CPU.ActiveCfg = Debug|Any CPU
		{E56C1818-A9ED-44B9-8434-2B9E73A92335}.Debug|Any CPU.Build.0 = Debug|Any CPU
		{E56C1818-A9ED-44B9-8434-2B9E73A92335}.Release|Any CPU.ActiveCfg = Release|Any CPU
		{E56C1818-A9ED-44B9-8434-2B9E73A92335}.Release|Any CPU.Build.0 = Release|Any CPU
		{2DC0144D-EA61-4D95-8F78-676E0E767B91}.Debug|Any CPU.ActiveCfg = Debug|Any CPU
		{2DC0144D-EA61-4D95-8F78-676E0E767B91}.Debug|Any CPU.Build.0 = Debug|Any CPU
		{2DC0144D-EA61-4D95-8F78-676E0E767B91}.Release|Any CPU.ActiveCfg = Release|Any CPU
		{2DC0144D-EA61-4D95-8F78-676E0E767B91}.Release|Any CPU.Build.0 = Release|Any CPU
		{85A0E036-0E43-4C65-8599-D5AC43857B02}.Debug|Any CPU.ActiveCfg = Debug|Any CPU
		{85A0E036-0E43-4C65-8599-D5AC43857B02}.Debug|Any CPU.Build.0 = Debug|Any CPU
		{85A0E036-0E43-4C65-8599-D5AC43857B02}.Release|Any CPU.ActiveCfg = Release|Any CPU
		{85A0E036-0E43-4C65-8599-D5AC43857B02}.Release|Any CPU.Build.0 = Release|Any CPU
	EndGlobalSection
	GlobalSection(SolutionProperties) = preSolution
		HideSolutionNode = FALSE
	EndGlobalSection
	GlobalSection(NestedProjects) = preSolution
		{B44A1A18-3019-4895-AB24-E6B34F250797} = {78023EC4-FCF5-4D95-9329-4FD20CF14E81}
		{A4C06FD4-5D6F-42B1-AAC6-99F78B096CC7} = {B1C4E87B-67BB-4A85-A2A3-C8AD13EB7F0D}
		{7611419D-9E38-492E-AE96-6BE55B6212B6} = {45F1AEE1-7C1A-448C-BB43-EFEA245D68CD}
		{15D9E006-4171-46DE-B686-4C8C2FFC48BE} = {84234AFF-C323-4333-B69D-E80AF1EF9BBB}
		{FA51D962-0495-44C7-87F7-4B51921CD41D} = {84234AFF-C323-4333-B69D-E80AF1EF9BBB}
		{E56C1818-A9ED-44B9-8434-2B9E73A92335} = {C3E7EEB9-B30C-467D-A9B7-E6AF3F050B83}
		{2DC0144D-EA61-4D95-8F78-676E0E767B91} = {C3E7EEB9-B30C-467D-A9B7-E6AF3F050B83}
		{85A0E036-0E43-4C65-8599-D5AC43857B02} = {C3E7EEB9-B30C-467D-A9B7-E6AF3F050B83}
	EndGlobalSection
EndGlobal
